{
  "version": 4,
  "terraform_version": "1.1.9",
  "serial": 42,
  "lineage": "40db485c-44b5-4f7b-1c0b-104c6135ccd2",
  "outputs": {
    "dev_network_id": {
      "value": "projects/lab-nura/global/networks/dev-network",
      "type": "string"
    },
    "dev_subnet_01_gateway_ip": {
      "value": "10.120.0.1",
      "type": "string"
    }
  },
  "resources": [
    {
      "mode": "managed",
      "type": "google_compute_network",
      "name": "dev_network",
      "provider": "provider[\"registry.terraform.io/hashicorp/google\"]",
      "instances": [
        {
          "schema_version": 0,
          "attributes": {
            "auto_create_subnetworks": false,
            "delete_default_routes_on_create": false,
            "description": "",
            "gateway_ipv4": "",
            "id": "projects/lab-nura/global/networks/dev-network",
            "mtu": 0,
            "name": "dev-network",
            "project": "lab-nura",
            "routing_mode": "REGIONAL",
            "self_link": "https://www.googleapis.com/compute/v1/projects/lab-nura/global/networks/dev-network",
            "timeouts": null
          },
          "sensitive_attributes": [],
          "private": "eyJlMmJmYjczMC1lY2FhLTExZTYtOGY4OC0zNDM2M2JjN2M0YzAiOnsiY3JlYXRlIjoxMjAwMDAwMDAwMDAwLCJkZWxldGUiOjEyMDAwMDAwMDAwMDAsInVwZGF0ZSI6MTIwMDAwMDAwMDAwMH19"
        }
      ]
    }
  ]
}
